
Microsoft Visual Studio Solution File, Format Version 12.00
# Visual Studio Version 17
VisualStudioVersion = 17.0.31903.59
MinimumVisualStudioVersion = 10.0.40219.1
Project("{FAE04EC0-301F-11D3-BF4B-00C04F79EFBC}") = "SkillManagement", "SkillManagement\SkillManagement.csproj", "{3B62B98D-8FDE-411F-81DD-58C44FF655F4}"
EndProject
Project("{FAE04EC0-301F-11D3-BF4B-00C04F79EFBC}") = "SkillServices", "SkillServices\SkillServices.csproj", "{6F531F01-915F-41C7-ACF0-8D0CB3EAE4F5}"
EndProject
Project("{FAE04EC0-301F-11D3-BF4B-00C04F79EFBC}") = "SkillEntities", "SkillEntities\SkillEntities.csproj", "{A08799A8-572B-4655-B9D2-E783ACDB1D08}"
EndProject
Project("{FAE04EC0-301F-11D3-BF4B-00C04F79EFBC}") = "SkillRepositories", "SkillRepositories\SkillRepositories.csproj", "{8C60407A-86D9-4CE2-B606-3F237944CCCE}"
EndProject
Global
	GlobalSection(SolutionConfigurationPlatforms) = preSolution
		Debug|Any CPU = Debug|Any CPU
		Release|Any CPU = Release|Any CPU
	EndGlobalSection
	GlobalSection(ProjectConfigurationPlatforms) = postSolution
		{3B62B98D-8FDE-411F-81DD-58C44FF655F4}.Debug|Any CPU.ActiveCfg = Debug|Any CPU
		{3B62B98D-8FDE-411F-81DD-58C44FF655F4}.Debug|Any CPU.Build.0 = Debug|Any CPU
		{3B62B98D-8FDE-411F-81DD-58C44FF655F4}.Release|Any CPU.ActiveCfg = Release|Any CPU
		{3B62B98D-8FDE-411F-81DD-58C44FF655F4}.Release|Any CPU.Build.0 = Release|Any CPU
		{6F531F01-915F-41C7-ACF0-8D0CB3EAE4F5}.Debug|Any CPU.ActiveCfg = Debug|Any CPU
		{6F531F01-915F-41C7-ACF0-8D0CB3EAE4F5}.Debug|Any CPU.Build.0 = Debug|Any CPU
		{6F531F01-915F-41C7-ACF0-8D0CB3EAE4F5}.Release|Any CPU.ActiveCfg = Release|Any CPU
		{6F531F01-915F-41C7-ACF0-8D0CB3EAE4F5}.Release|Any CPU.Build.0 = Release|Any CPU
		{A08799A8-572B-4655-B9D2-E783ACDB1D08}.Debug|Any CPU.ActiveCfg = Debug|Any CPU
		{A08799A8-572B-4655-B9D2-E783ACDB1D08}.Debug|Any CPU.Build.0 = Debug|Any CPU
		{A08799A8-572B-4655-B9D2-E783ACDB1D08}.Release|Any CPU.ActiveCfg = Release|Any CPU
		{A08799A8-572B-4655-B9D2-E783ACDB1D08}.Release|Any CPU.Build.0 = Release|Any CPU
		{8C60407A-86D9-4CE2-B606-3F237944CCCE}.Debug|Any CPU.ActiveCfg = Debug|Any CPU
		{8C60407A-86D9-4CE2-B606-3F237944CCCE}.Debug|Any CPU.Build.0 = Debug|Any CPU
		{8C60407A-86D9-4CE2-B606-3F237944CCCE}.Release|Any CPU.ActiveCfg = Release|Any CPU
		{8C60407A-86D9-4CE2-B606-3F237944CCCE}.Release|Any CPU.Build.0 = Release|Any CPU
	EndGlobalSection
	GlobalSection(SolutionProperties) = preSolution
		HideSolutionNode = FALSE
	EndGlobalSection
	GlobalSection(ExtensibilityGlobals) = postSolution
		SolutionGuid = {DD57CF5B-F222-4CBC-8436-C1C6B6B2BBE8}
	EndGlobalSection
EndGlobal
